
Microsoft Visual Studio Solution File, Format Version 12.00
# Visual Studio Version 17
VisualStudioVersion = 17.9.34607.119
MinimumVisualStudioVersion = 10.0.40219.1
Project("{FAE04EC0-301F-11D3-BF4B-00C04F79EFBC}") = "FoodApi", "FoodApi\FoodApi.csproj", "{397E031E-EE8C-4723-9A03-271B8324D7A9}"
EndProject
Global
	GlobalSection(SolutionConfigurationPlatforms) = preSolution
		Debug|Any CPU = Debug|Any CPU
		Release|Any CPU = Release|Any CPU
	EndGlobalSection
	GlobalSection(ProjectConfigurationPlatforms) = postSolution
		{397E031E-EE8C-4723-9A03-271B8324D7A9}.Debug|Any CPU.ActiveCfg = Debug|Any CPU
		{397E031E-EE8C-4723-9A03-271B8324D7A9}.Debug|Any CPU.Build.0 = Debug|Any CPU
		{397E031E-EE8C-4723-9A03-271B8324D7A9}.Release|Any CPU.ActiveCfg = Release|Any CPU
		{397E031E-EE8C-4723-9A03-271B8324D7A9}.Release|Any CPU.Build.0 = Release|Any CPU
	EndGlobalSection
	GlobalSection(SolutionProperties) = preSolution
		HideSolutionNode = FALSE
	EndGlobalSection
	GlobalSection(ExtensibilityGlobals) = postSolution
		SolutionGuid = {1BE6A5E7-CD28-4AD6-BC9C-FD4E3D1735D6}
	EndGlobalSection
EndGlobal
